
Microsoft Visual Studio Solution File, Format Version 12.00
# Visual Studio 15
VisualStudioVersion = 15.0.27703.2042
MinimumVisualStudioVersion = 10.0.40219.1
Project("{FAE04EC0-301F-11D3-BF4B-00C04F79EFBC}") = "WPFApp", "EX-REST-Phase7\WPFApp.csproj", "{04D7B018-048A-4861-9D04-49990E5700CB}"
EndProject
Global
	GlobalSection(SolutionConfigurationPlatforms) = preSolution
		Debug|Any CPU = Debug|Any CPU
		Release|Any CPU = Release|Any CPU
	EndGlobalSection
	GlobalSection(ProjectConfigurationPlatforms) = postSolution
		{04D7B018-048A-4861-9D04-49990E5700CB}.Debug|Any CPU.ActiveCfg = Debug|Any CPU
		{04D7B018-048A-4861-9D04-49990E5700CB}.Debug|Any CPU.Build.0 = Debug|Any CPU
		{04D7B018-048A-4861-9D04-49990E5700CB}.Release|Any CPU.ActiveCfg = Release|Any CPU
		{04D7B018-048A-4861-9D04-49990E5700CB}.Release|Any CPU.Build.0 = Release|Any CPU
	EndGlobalSection
	GlobalSection(SolutionProperties) = preSolution
		HideSolutionNode = FALSE
	EndGlobalSection
	GlobalSection(ExtensibilityGlobals) = postSolution
		SolutionGuid = {FA40EEF6-04C5-464D-BA05-C9605A455369}
	EndGlobalSection
EndGlobal
